
Microsoft Visual Studio Solution File, Format Version 12.00
# Visual Studio 15
VisualStudioVersion = 15.0.28307.1022
MinimumVisualStudioVersion = 10.0.40219.1
Project("{FAE04EC0-301F-11D3-BF4B-00C04F79EFBC}") = "PetrolTruelyUnlimited", "PetrolTruelyUnlimited\PetrolTruelyUnlimited.csproj", "{6DA29B22-30A2-4E64-835B-05DD9A3DB7F7}"
EndProject
Global
	GlobalSection(SolutionConfigurationPlatforms) = preSolution
		Debug|Any CPU = Debug|Any CPU
		Release|Any CPU = Release|Any CPU
	EndGlobalSection
	GlobalSection(ProjectConfigurationPlatforms) = postSolution
		{6DA29B22-30A2-4E64-835B-05DD9A3DB7F7}.Debug|Any CPU.ActiveCfg = Debug|Any CPU
		{6DA29B22-30A2-4E64-835B-05DD9A3DB7F7}.Debug|Any CPU.Build.0 = Debug|Any CPU
		{6DA29B22-30A2-4E64-835B-05DD9A3DB7F7}.Release|Any CPU.ActiveCfg = Release|Any CPU
		{6DA29B22-30A2-4E64-835B-05DD9A3DB7F7}.Release|Any CPU.Build.0 = Release|Any CPU
	EndGlobalSection
	GlobalSection(SolutionProperties) = preSolution
		HideSolutionNode = FALSE
	EndGlobalSection
	GlobalSection(ExtensibilityGlobals) = postSolution
		SolutionGuid = {15BEB1AB-7B57-4979-85EA-B7D88DC0FD0A}
	EndGlobalSection
EndGlobal
